
Microsoft Visual Studio Solution File, Format Version 12.00
# Visual Studio Version 17
VisualStudioVersion = 17.11.35327.3
MinimumVisualStudioVersion = 10.0.40219.1
Project("{FAE04EC0-301F-11D3-BF4B-00C04F79EFBC}") = "PruebaMakers", "PruebaMakers\PruebaMakers.csproj", "{77F35468-BF7B-495B-A0A0-974BE483F26D}"
EndProject
Project("{FAE04EC0-301F-11D3-BF4B-00C04F79EFBC}") = "Application", "Application\Application.csproj", "{BDB480D8-298C-4356-B488-45256B10E4EB}"
EndProject
Project("{FAE04EC0-301F-11D3-BF4B-00C04F79EFBC}") = "Domain", "Domain\Domain.csproj", "{782C8CD1-E806-43AC-81EE-ACB85C61AABD}"
EndProject
Project("{FAE04EC0-301F-11D3-BF4B-00C04F79EFBC}") = "Infraestructure", "Infraestructure\Infraestructure.csproj", "{4D9CC544-1617-4E08-B52A-E58B7E3CD99C}"
EndProject
Project("{FAE04EC0-301F-11D3-BF4B-00C04F79EFBC}") = "PrestamoServiceTests", "PrestamoServiceTests\PrestamoServiceTests.csproj", "{924A727A-43D5-46CE-AE7D-83305E16976E}"
EndProject
Global
	GlobalSection(SolutionConfigurationPlatforms) = preSolution
		Debug|Any CPU = Debug|Any CPU
		Release|Any CPU = Release|Any CPU
	EndGlobalSection
	GlobalSection(ProjectConfigurationPlatforms) = postSolution
		{77F35468-BF7B-495B-A0A0-974BE483F26D}.Debug|Any CPU.ActiveCfg = Debug|Any CPU
		{77F35468-BF7B-495B-A0A0-974BE483F26D}.Debug|Any CPU.Build.0 = Debug|Any CPU
		{77F35468-BF7B-495B-A0A0-974BE483F26D}.Release|Any CPU.ActiveCfg = Release|Any CPU
		{77F35468-BF7B-495B-A0A0-974BE483F26D}.Release|Any CPU.Build.0 = Release|Any CPU
		{BDB480D8-298C-4356-B488-45256B10E4EB}.Debug|Any CPU.ActiveCfg = Debug|Any CPU
		{BDB480D8-298C-4356-B488-45256B10E4EB}.Debug|Any CPU.Build.0 = Debug|Any CPU
		{BDB480D8-298C-4356-B488-45256B10E4EB}.Release|Any CPU.ActiveCfg = Release|Any CPU
		{BDB480D8-298C-4356-B488-45256B10E4EB}.Release|Any CPU.Build.0 = Release|Any CPU
		{782C8CD1-E806-43AC-81EE-ACB85C61AABD}.Debug|Any CPU.ActiveCfg = Debug|Any CPU
		{782C8CD1-E806-43AC-81EE-ACB85C61AABD}.Debug|Any CPU.Build.0 = Debug|Any CPU
		{782C8CD1-E806-43AC-81EE-ACB85C61AABD}.Release|Any CPU.ActiveCfg = Release|Any CPU
		{782C8CD1-E806-43AC-81EE-ACB85C61AABD}.Release|Any CPU.Build.0 = Release|Any CPU
		{4D9CC544-1617-4E08-B52A-E58B7E3CD99C}.Debug|Any CPU.ActiveCfg = Debug|Any CPU
		{4D9CC544-1617-4E08-B52A-E58B7E3CD99C}.Debug|Any CPU.Build.0 = Debug|Any CPU
		{4D9CC544-1617-4E08-B52A-E58B7E3CD99C}.Release|Any CPU.ActiveCfg = Release|Any CPU
		{4D9CC544-1617-4E08-B52A-E58B7E3CD99C}.Release|Any CPU.Build.0 = Release|Any CPU
		{924A727A-43D5-46CE-AE7D-83305E16976E}.Debug|Any CPU.ActiveCfg = Debug|Any CPU
		{924A727A-43D5-46CE-AE7D-83305E16976E}.Debug|Any CPU.Build.0 = Debug|Any CPU
		{924A727A-43D5-46CE-AE7D-83305E16976E}.Release|Any CPU.ActiveCfg = Release|Any CPU
		{924A727A-43D5-46CE-AE7D-83305E16976E}.Release|Any CPU.Build.0 = Release|Any CPU
	EndGlobalSection
	GlobalSection(SolutionProperties) = preSolution
		HideSolutionNode = FALSE
	EndGlobalSection
	GlobalSection(ExtensibilityGlobals) = postSolution
		SolutionGuid = {F45A7EF0-7517-4689-BD54-BCA18E151C11}
	EndGlobalSection
EndGlobal
